
Microsoft Visual Studio Solution File, Format Version 12.00
# Visual Studio Version 16
VisualStudioVersion = 16.0.29215.179
MinimumVisualStudioVersion = 10.0.40219.1
Project("{FAE04EC0-301F-11D3-BF4B-00C04F79EFBC}") = "HW1A", "HW1A\HW1A.csproj", "{086C49C8-15C1-4998-A050-CDAE9474A624}"
EndProject
Global
	GlobalSection(SolutionConfigurationPlatforms) = preSolution
		Debug|Any CPU = Debug|Any CPU
		Release|Any CPU = Release|Any CPU
	EndGlobalSection
	GlobalSection(ProjectConfigurationPlatforms) = postSolution
		{086C49C8-15C1-4998-A050-CDAE9474A624}.Debug|Any CPU.ActiveCfg = Debug|Any CPU
		{086C49C8-15C1-4998-A050-CDAE9474A624}.Debug|Any CPU.Build.0 = Debug|Any CPU
		{086C49C8-15C1-4998-A050-CDAE9474A624}.Release|Any CPU.ActiveCfg = Release|Any CPU
		{086C49C8-15C1-4998-A050-CDAE9474A624}.Release|Any CPU.Build.0 = Release|Any CPU
	EndGlobalSection
	GlobalSection(SolutionProperties) = preSolution
		HideSolutionNode = FALSE
	EndGlobalSection
	GlobalSection(ExtensibilityGlobals) = postSolution
		SolutionGuid = {AD50C8AE-FB45-4AF7-944A-D1CF78775888}
	EndGlobalSection
EndGlobal
